github.com/AllenDang/cimgui-go v1.6.0 h1:fv1M00FcNz3OMK1q0nOt208DxItmRGipSKcKitED4js=
github.com/AllenDang/cimgui-go v1.6.0/go.mod h1:gz4dVFwmfoyUkBgVzBhiCJj1JXXWISQa8SQ190MlouY=
github.com/ebitengine/purego v0.10.2 h1:W809HbnvzAxgdm+aOvlSekrM16wGCdT/e76+9tS7gzE=
github.com/ebitengine/purego v0.10.2/go.mod h1:iIjxzd6CiRiOG0UyXP+V1+jWqUXVjPKLAI0mRfJZTmQ=
github.com/go-gl/glfw/v3.3/glfw v0.0.0-20260802143932-8fa725040a18 h1:c/72gzBO3eZPUVuHPnfyvt79XoIEi7KYGBY/8J/BpeI=
github.com/go-gl/glfw/v3.3/glfw v0.0.0-20260802143932-8fa725040a18/go.mod h1:SyRD8YfuKk+ZXlDqYiqe1qMSqjNgtHzBTG810KUagMc=
